// !$*UTF8*$!
{
	archiveVersion = 1;
	classes = {
	};
	objectVersion = 50;
	objects = {

/* Begin PBXBuildFile section */
		035D74F023FB208F003CC1C1 /* AppDelegate.swift in Sources */ = {isa = PBXBuildFile; fileRef = 035D74EF23FB208F003CC1C1 /* AppDelegate.swift */; };
		035D74F223FB208F003CC1C1 /* SceneDelegate.swift in Sources */ = {isa = PBXBuildFile; fileRef = 035D74F123FB208F003CC1C1 /* SceneDelegate.swift */; };
		035D74F423FB208F003CC1C1 /* ContentView.swift in Sources */ = {isa = PBXBuildFile; fileRef = 035D74F323FB208F003CC1C1 /* ContentView.swift */; };
		035D74F623FB208F003CC1C1 /* Assets.xcassets in Resources */ = {isa = PBXBuildFile; fileRef = 035D74F523FB208F003CC1C1 /* Assets.xcassets */; };
		035D74F923FB208F003CC1C1 /* Preview Assets.xcassets in Resources */ = {isa = PBXBuildFile; fileRef = 035D74F823FB208F003CC1C1 /* Preview Assets.xcassets */; };
		035D74FC23FB208F003CC1C1 /* LaunchScreen.storyboard in Resources */ = {isa = PBXBuildFile; fileRef = 035D74FA23FB208F003CC1C1 /* LaunchScreen.storyboard */; };
		035D750723FB208F003CC1C1 /* assign1Tests.swift in Sources */ = {isa = PBXBuildFile; fileRef = 035D750623FB208F003CC1C1 /* assign1Tests.swift */; };
		035D751223FB20D1003CC1C1 /* model.swift in Sources */ = {isa = PBXBuildFile; fileRef = 035D751123FB20D1003CC1C1 /* model.swift */; };
/* End PBXBuildFile section */

/* Begin PBXContainerItemProxy section */
		035D750323FB208F003CC1C1 /* PBXContainerItemProxy */ = {
			isa = PBXContainerItemProxy;
			containerPortal = 035D74E423FB208F003CC1C1 /* Project object */;
			proxyType = 1;
			remoteGlobalIDString = 035D74EB23FB208F003CC1C1;
			remoteInfo = assign1;
		};
/* End PBXContainerItemProxy section */

/* Begin PBXFileReference section */
		035D74EC23FB208F003CC1C1 /* assign1.app */ = {isa = PBXFileReference; explicitFileType = wrapper.application; includeInIndex = 0; path = assign1.app; sourceTree = BUILT_PRODUCTS_DIR; };
		035D74EF23FB208F003CC1C1 /* AppDelegate.swift */ = {isa = PBXFileReference; lastKnownFileType = sourcecode.swift; path = AppDelegate.swift; sourceTree = "<group>"; };
		035D74F123FB208F003CC1C1 /* SceneDelegate.swift */ = {isa = PBXFileReference; lastKnownFileType = sourcecode.swift; path = SceneDelegate.swift; sourceTree = "<group>"; };
		035D74F323FB208F003CC1C1 /* ContentView.swift */ = {isa = PBXFileReference; lastKnownFileType = sourcecode.swift; path = ContentView.swift; sourceTree = "<group>"; };
		035D74F523FB208F003CC1C1 /* Assets.xcassets */ = {isa = PBXFileReference; lastKnownFileType = folder.assetcatalog; path = Assets.xcassets; sourceTree = "<group>"; };
		035D74F823FB208F003CC1C1 /* Preview Assets.xcassets */ = {isa = PBXFileReference; lastKnownFileType = folder.assetcatalog; path = "Preview Assets.xcassets"; sourceTree = "<group>"; };
		035D74FB23FB208F003CC1C1 /* Base */ = {isa = PBXFileReference; lastKnownFileType = file.storyboard; name = Base; path = Base.lproj/LaunchScreen.storyboard; sourceTree = "<group>"; };
		035D74FD23FB208F003CC1C1 /* Info.plist */ = {isa = PBXFileReference; lastKnownFileType = text.plist.xml; path = Info.plist; sourceTree = "<group>"; };
		035D750223FB208F003CC1C1 /* assign1Tests.xctest */ = {isa = PBXFileReference; explicitFileType = wrapper.cfbundle; includeInIndex = 0; path = assign1Tests.xctest; sourceTree = BUILT_PRODUCTS_DIR; };
		035D750623FB208F003CC1C1 /* assign1Tests.swift */ = {isa = PBXFileReference; lastKnownFileType = sourcecode.swift; path = assign1Tests.swift; sourceTree = "<group>"; };
		035D750823FB208F003CC1C1 /* Info.plist */ = {isa = PBXFileReference; lastKnownFileType = text.plist.xml; path = Info.plist; sourceTree = "<group>"; };
		035D751123FB20D1003CC1C1 /* model.swift */ = {isa = PBXFileReference; lastKnownFileType = sourcecode.swift; path = model.swift; sourceTree = "<group>"; };
/* End PBXFileReference section */

/* Begin PBXFrameworksBuildPhase section */
		035D74E923FB208F003CC1C1 /* Frameworks */ = {
			isa = PBXFrameworksBuildPhase;
			buildActionMask = 2147483647;
			files = (
			);
			runOnlyForDeploymentPostprocessing = 0;
		};
		035D74FF23FB208F003CC1C1 /* Frameworks */ = {
			isa = PBXFrameworksBuildPhase;
			buildActionMask = 2147483647;
			files = (
			);
			runOnlyForDeploymentPostprocessing = 0;
		};
/* End PBXFrameworksBuildPhase section */

/* Begin PBXGroup section */
		035D74E323FB208F003CC1C1 = {
			isa = PBXGroup;
			children = (
				035D74EE23FB208F003CC1C1 /* assign1 */,
				035D750523FB208F003CC1C1 /* assign1Tests */,
				035D74ED23FB208F003CC1C1 /* Products */,
			);
			sourceTree = "<group>";
		};
		035D74ED23FB208F003CC1C1 /* Products */ = {
			isa = PBXGroup;
			children = (
				035D74EC23FB208F003CC1C1 /* assign1.app */,
				035D750223FB208F003CC1C1 /* assign1Tests.xctest */,
			);
			name = Products;
			sourceTree = "<group>";
		};
		035D74EE23FB208F003CC1C1 /* assign1 */ = {
			isa = PBXGroup;
			children = (
				035D74EF23FB208F003CC1C1 /* AppDelegate.swift */,
				035D74F123FB208F003CC1C1 /* SceneDelegate.swift */,
				035D74F323FB208F003CC1C1 /* ContentView.swift */,
				035D74F523FB208F003CC1C1 /* Assets.xcassets */,
				035D74FA23FB208F003CC1C1 /* LaunchScreen.storyboard */,
				035D74FD23FB208F003CC1C1 /* Info.plist */,
				035D74F723FB208F003CC1C1 /* Preview Content */,
				035D751123FB20D1003CC1C1 /* model.swift */,
			);
			path = assign1;
			sourceTree = "<group>";
		};
		035D74F723FB208F003CC1C1 /* Preview Content */ = {
			isa = PBXGroup;
			children = (
				035D74F823FB208F003CC1C1 /* Preview Assets.xcassets */,
			);
			path = "Preview Content";
			sourceTree = "<group>";
		};
		035D750523FB208F003CC1C1 /* assign1Tests */ = {
			isa = PBXGroup;
			children = (
				035D750623FB208F003CC1C1 /* assign1Tests.swift */,
				035D750823FB208F003CC1C1 /* Info.plist */,
			);
			path = assign1Tests;
			sourceTree = "<group>";
		};
/* End PBXGroup section */

/* Begin PBXNativeTarget section */
		035D74EB23FB208F003CC1C1 /* assign1 */ = {
			isa = PBXNativeTarget;
			buildConfigurationList = 035D750B23FB208F003CC1C1 /* Build configuration list for PBXNativeTarget "assign1" */;
			buildPhases = (
				035D74E823FB208F003CC1C1 /* Sources */,
				035D74E923FB208F003CC1C1 /* Frameworks */,
				035D74EA23FB208F003CC1C1 /* Resources */,
			);
			buildRules = (
			);
			dependencies = (
			);
			name = assign1;
			productName = assign1;
			productReference = 035D74EC23FB208F003CC1C1 /* assign1.app */;
			productType = "com.apple.product-type.application";
		};
		035D750123FB208F003CC1C1 /* assign1Tests */ = {
			isa = PBXNativeTarget;
			buildConfigurationList = 035D750E23FB208F003CC1C1 /* Build configuration list for PBXNativeTarget "assign1Tests" */;
			buildPhases = (
				035D74FE23FB208F003CC1C1 /* Sources */,
				035D74FF23FB208F003CC1C1 /* Frameworks */,
				035D750023FB208F003CC1C1 /* Resources */,
			);
			buildRules = (
			);
			dependencies = (
				035D750423FB208F003CC1C1 /* PBXTargetDependency */,
			);
			name = assign1Tests;
			productName = assign1Tests;
			productReference = 035D750223FB208F003CC1C1 /* assign1Tests.xctest */;
			productType = "com.apple.product-type.bundle.unit-test";
		};
/* End PBXNativeTarget section */

/* Begin PBXProject section */
		035D74E423FB208F003CC1C1 /* Project object */ = {
			isa = PBXProject;
			attributes = {
				LastSwiftUpdateCheck = 1130;
				LastUpgradeCheck = 1130;
				ORGANIZATIONNAME = Josh;
				TargetAttributes = {
					035D74EB23FB208F003CC1C1 = {
						CreatedOnToolsVersion = 11.3.1;
					};
					035D750123FB208F003CC1C1 = {
						CreatedOnToolsVersion = 11.3.1;
						TestTargetID = 035D74EB23FB208F003CC1C1;
					};
				};
			};
			buildConfigurationList = 035D74E723FB208F003CC1C1 /* Build configuration list for PBXProject "assign1" */;
			compatibilityVersion = "Xcode 9.3";
			developmentRegion = en;
			hasScannedForEncodings = 0;
			knownRegions = (
				en,
				Base,
			);
			mainGroup = 035D74E323FB208F003CC1C1;
			productRefGroup = 035D74ED23FB208F003CC1C1 /* Products */;
			projectDirPath = "";
			projectRoot = "";
			targets = (
				035D74EB23FB208F003CC1C1 /* assign1 */,
				035D750123FB208F003CC1C1 /* assign1Tests */,
			);
		};
/* End PBXProject section */

/* Begin PBXResourcesBuildPhase section */
		035D74EA23FB208F003CC1C1 /* Resources */ = {
			isa = PBXResourcesBuildPhase;
			buildActionMask = 2147483647;
			files = (
				035D74FC23FB208F003CC1C1 /* LaunchScreen.storyboard in Resources */,
				035D74F923FB208F003CC1C1 /* Preview Assets.xcassets in Resources */,
				035D74F623FB208F003CC1C1 /* Assets.xcassets in Resources */,
			);
			runOnlyForDeploymentPostprocessing = 0;
		};
		035D750023FB208F003CC1C1 /* Resources */ = {
			isa = PBXResourcesBuildPhase;
			buildActionMask = 2147483647;
			files = (
			);
			runOnlyForDeploymentPostprocessing = 0;
		};
/* End PBXResourcesBuildPhase section */

/* Begin PBXSourcesBuildPhase section */
		035D74E823FB208F003CC1C1 /* Sources */ = {
			isa = PBXSourcesBuildPhase;
			buildActionMask = 2147483647;
			files = (
				035D74F023FB208F003CC1C1 /* AppDelegate.swift in Sources */,
				035D74F223FB208F003CC1C1 /* SceneDelegate.swift in Sources */,
				035D74F423FB208F003CC1C1 /* ContentView.swift in Sources */,
				035D751223FB20D1003CC1C1 /* model.swift in Sources */,
			);
			runOnlyForDeploymentPostprocessing = 0;
		};
		035D74FE23FB208F003CC1C1 /* Sources */ = {
			isa = PBXSourcesBuildPhase;
			buildActionMask = 2147483647;
			files = (
				035D750723FB208F003CC1C1 /* assign1Tests.swift in Sources */,
			);
			runOnlyForDeploymentPostprocessing = 0;
		};
/* End PBXSourcesBuildPhase section */

/* Begin PBXTargetDependency section */
		035D750423FB208F003CC1C1 /* PBXTargetDependency */ = {
			isa = PBXTargetDependency;
			target = 035D74EB23FB208F003CC1C1 /* assign1 */;
			targetProxy = 035D750323FB208F003CC1C1 /* PBXContainerItemProxy */;
		};
/* End PBXTargetDependency section */

/* Begin PBXVariantGroup section */
		035D74FA23FB208F003CC1C1 /* LaunchScreen.storyboard */ = {
			isa = PBXVariantGroup;
			children = (
				035D74FB23FB208F003CC1C1 /* Base */,
			);
			name = LaunchScreen.storyboard;
			sourceTree = "<group>";
		};
/* End PBXVariantGroup section */

/* Begin XCBuildConfiguration section */
		035D750923FB208F003CC1C1 /* Debug */ = {
			isa = XCBuildConfiguration;
			buildSettings = {
				ALWAYS_SEARCH_USER_PATHS = NO;
				CLANG_ANALYZER_NONNULL = YES;
				CLANG_ANALYZER_NUMBER_OBJECT_CONVERSION = YES_AGGRESSIVE;
				CLANG_CXX_LANGUAGE_STANDARD = "gnu++14";
				CLANG_CXX_LIBRARY = "libc++";
				CLANG_ENABLE_MODULES = YES;
				CLANG_ENABLE_OBJC_ARC = YES;
				CLANG_ENABLE_OBJC_WEAK = YES;
				CLANG_WARN_BLOCK_CAPTURE_AUTORELEASING = YES;
				CLANG_WARN_BOOL_CONVERSION = YES;
				CLANG_WARN_COMMA = YES;
				CLANG_WARN_CONSTANT_CONVERSION = YES;
				CLANG_WARN_DEPRECATED_OBJC_IMPLEMENTATIONS = YES;
				CLANG_WARN_DIRECT_OBJC_ISA_USAGE = YES_ERROR;
				CLANG_WARN_DOCUMENTATION_COMMENTS = YES;
				CLANG_WARN_EMPTY_BODY = YES;
				CLANG_WARN_ENUM_CONVERSION = YES;
				CLANG_WARN_INFINITE_RECURSION = YES;
				CLANG_WARN_INT_CONVERSION = YES;
				CLANG_WARN_NON_LITERAL_NULL_CONVERSION = YES;
				CLANG_WARN_OBJC_IMPLICIT_RETAIN_SELF = YES;
				CLANG_WARN_OBJC_LITERAL_CONVERSION = YES;
				CLANG_WARN_OBJC_ROOT_CLASS = YES_ERROR;
				CLANG_WARN_RANGE_LOOP_ANALYSIS = YES;
				CLANG_WARN_STRICT_PROTOTYPES = YES;
				CLANG_WARN_SUSPICIOUS_MOVE = YES;
				CLANG_WARN_UNGUARDED_AVAILABILITY = YES_AGGRESSIVE;
				CLANG_WARN_UNREACHABLE_CODE = YES;
				CLANG_WARN__DUPLICATE_METHOD_MATCH = YES;
				COPY_PHASE_STRIP = NO;
				DEBUG_INFORMATION_FORMAT = dwarf;
				ENABLE_STRICT_OBJC_MSGSEND = YES;
				ENABLE_TESTABILITY = YES;
				GCC_C_LANGUAGE_STANDARD = gnu11;
				GCC_DYNAMIC_NO_PIC = NO;
				GCC_NO_COMMON_BLOCKS = YES;
				GCC_OPTIMIZATION_LEVEL = 0;
				GCC_PREPROCESSOR_DEFINITIONS = (
					"DEBUG=1",
					"$(inherited)",
				);
				GCC_WARN_64_TO_32_BIT_CONVERSION = YES;
				GCC_WARN_ABOUT_RETURN_TYPE = YES_ERROR;
				GCC_WARN_UNDECLARED_SELECTOR = YES;
				GCC_WARN_UNINITIALIZED_AUTOS = YES_AGGRESSIVE;
				GCC_WARN_UNUSED_FUNCTION = YES;
				GCC_WARN_UNUSED_VARIABLE = YES;
				IPHONEOS_DEPLOYMENT_TARGET = 13.2;
				MTL_ENABLE_DEBUG_INFO = INCLUDE_SOURCE;
				MTL_FAST_MATH = YES;
				ONLY_ACTIVE_ARCH = YES;
				SDKROOT = iphoneos;
				SWIFT_ACTIVE_COMPILATION_CONDITIONS = DEBUG;
				SWIFT_OPTIMIZATION_LEVEL = "-Onone";
			};
			name = Debug;
		};
		035D750A23FB208F003CC1C1 /* Release */ = {
			isa = XCBuildConfiguration;
			buildSettings = {
				ALWAYS_SEARCH_USER_PATHS = NO;
				CLANG_ANALYZER_NONNULL = YES;
				CLANG_ANALYZER_NUMBER_OBJECT_CONVERSION = YES_AGGRESSIVE;
				CLANG_CXX_LANGUAGE_STANDARD = "gnu++14";
				CLANG_CXX_LIBRARY = "libc++";
				CLANG_ENABLE_MODULES = YES;
				CLANG_ENABLE_OBJC_ARC = YES;
				CLANG_ENABLE_OBJC_WEAK = YES;
				CLANG_WARN_BLOCK_CAPTURE_AUTORELEASING = YES;
				CLANG_WARN_BOOL_CONVERSION = YES;
				CLANG_WARN_COMMA = YES;
				CLANG_WARN_CONSTANT_CONVERSION = YES;
				CLANG_WARN_DEPRECATED_OBJC_IMPLEMENTATIONS = YES;
				CLANG_WARN_DIRECT_OBJC_ISA_USAGE = YES_ERROR;
				CLANG_WARN_DOCUMENTATION_COMMENTS = YES;
				CLANG_WARN_EMPTY_BODY = YES;
				CLANG_WARN_ENUM_CONVERSION = YES;
				CLANG_WARN_INFINITE_RECURSION = YES;
				CLANG_WARN_INT_CONVERSION = YES;
				CLANG_WARN_NON_LITERAL_NULL_CONVERSION = YES;
				CLANG_WARN_OBJC_IMPLICIT_RETAIN_SELF = YES;
				CLANG_WARN_OBJC_LITERAL_CONVERSION = YES;
				CLANG_WARN_OBJC_ROOT_CLASS = YES_ERROR;
				CLANG_WARN_RANGE_LOOP_ANALYSIS = YES;
				CLANG_WARN_STRICT_PROTOTYPES = YES;
				CLANG_WARN_SUSPICIOUS_MOVE = YES;
				CLANG_WARN_UNGUARDED_AVAILABILITY = YES_AGGRESSIVE;
				CLANG_WARN_UNREACHABLE_CODE = YES;
				CLANG_WARN__DUPLICATE_METHOD_MATCH = YES;
				COPY_PHASE_STRIP = NO;
				DEBUG_INFORMATION_FORMAT = "dwarf-with-dsym";
				ENABLE_NS_ASSERTIONS = NO;
				ENABLE_STRICT_OBJC_MSGSEND = YES;
				GCC_C_LANGUAGE_STANDARD = gnu11;
				GCC_NO_COMMON_BLOCKS = YES;
				GCC_WARN_64_TO_32_BIT_CONVERSION = YES;
				GCC_WARN_ABOUT_RETURN_TYPE = YES_ERROR;
				GCC_WARN_UNDECLARED_SELECTOR = YES;
				GCC_WARN_UNINITIALIZED_AUTOS = YES_AGGRESSIVE;
				GCC_WARN_UNUSED_FUNCTION = YES;
				GCC_WARN_UNUSED_VARIABLE = YES;
				IPHONEOS_DEPLOYMENT_TARGET = 13.2;
				MTL_ENABLE_DEBUG_INFO = NO;
				MTL_FAST_MATH = YES;
				SDKROOT = iphoneos;
				SWIFT_COMPILATION_MODE = wholemodule;
				SWIFT_OPTIMIZATION_LEVEL = "-O";
				VALIDATE_PRODUCT = YES;
			};
			name = Release;
		};
		035D750C23FB208F003CC1C1 /* Debug */ = {
			isa = XCBuildConfiguration;
			buildSettings = {
				ASSETCATALOG_COMPILER_APPICON_NAME = AppIcon;
				CODE_SIGN_STYLE = Automatic;
				DEVELOPMENT_ASSET_PATHS = "\"assign1/Preview Content\"";
				ENABLE_PREVIEWS = YES;
				INFOPLIST_FILE = assign1/Info.plist;
				LD_RUNPATH_SEARCH_PATHS = (
					"$(inherited)",
					"@executable_path/Frameworks",
				);
				PRODUCT_BUNDLE_IDENTIFIER = sadpuppy.assign1;
				PRODUCT_NAME = "$(TARGET_NAME)";
				SWIFT_VERSION = 5.0;
				TARGETED_DEVICE_FAMILY = "1,2";
			};
			name = Debug;
		};
		035D750D23FB208F003CC1C1 /* Release */ = {
			isa = XCBuildConfiguration;
			buildSettings = {
				ASSETCATALOG_COMPILER_APPICON_NAME = AppIcon;
				CODE_SIGN_STYLE = Automatic;
				DEVELOPMENT_ASSET_PATHS = "\"assign1/Preview Content\"";
				ENABLE_PREVIEWS = YES;
				INFOPLIST_FILE = assign1/Info.plist;
				LD_RUNPATH_SEARCH_PATHS = (
					"$(inherited)",
					"@executable_path/Frameworks",
				);
				PRODUCT_BUNDLE_IDENTIFIER = sadpuppy.assign1;
				PRODUCT_NAME = "$(TARGET_NAME)";
				SWIFT_VERSION = 5.0;
				TARGETED_DEVICE_FAMILY = "1,2";
			};
			name = Release;
		};
		035D750F23FB208F003CC1C1 /* Debug */ = {
			isa = XCBuildConfiguration;
			buildSettings = {
				ALWAYS_EMBED_SWIFT_STANDARD_LIBRARIES = YES;
				BUNDLE_LOADER = "$(TEST_HOST)";
				CODE_SIGN_STYLE = Automatic;
				INFOPLIST_FILE = assign1Tests/Info.plist;
				IPHONEOS_DEPLOYMENT_TARGET = 13.2;
				LD_RUNPATH_SEARCH_PATHS = (
					"$(inherited)",
					"@executable_path/Frameworks",
					"@loader_path/Frameworks",
				);
				PRODUCT_BUNDLE_IDENTIFIER = sadpuppy.assign1Tests;
				PRODUCT_NAME = "$(TARGET_NAME)";
				SWIFT_VERSION = 5.0;
				TARGETED_DEVICE_FAMILY = "1,2";
				TEST_HOST = "$(BUILT_PRODUCTS_DIR)/assign1.app/assign1";
			};
			name = Debug;
		};
		035D751023FB208F003CC1C1 /* Release */ = {
			isa = XCBuildConfiguration;
			buildSettings = {
				ALWAYS_EMBED_SWIFT_STANDARD_LIBRARIES = YES;
				BUNDLE_LOADER = "$(TEST_HOST)";
				CODE_SIGN_STYLE = Automatic;
				INFOPLIST_FILE = assign1Tests/Info.plist;
				IPHONEOS_DEPLOYMENT_TARGET = 13.2;
				LD_RUNPATH_SEARCH_PATHS = (
					"$(inherited)",
					"@executable_path/Frameworks",
					"@loader_path/Frameworks",
				);
				PRODUCT_BUNDLE_IDENTIFIER = sadpuppy.assign1Tests;
				PRODUCT_NAME = "$(TARGET_NAME)";
				SWIFT_VERSION = 5.0;
				TARGETED_DEVICE_FAMILY = "1,2";
				TEST_HOST = "$(BUILT_PRODUCTS_DIR)/assign1.app/assign1";
			};
			name = Release;
		};
/* End XCBuildConfiguration section */

/* Begin XCConfigurationList section */
		035D74E723FB208F003CC1C1 /* Build configuration list for PBXProject "assign1" */ = {
			isa = XCConfigurationList;
			buildConfigurations = (
				035D750923FB208F003CC1C1 /* Debug */,
				035D750A23FB208F003CC1C1 /* Release */,
			);
			defaultConfigurationIsVisible = 0;
			defaultConfigurationName = Release;
		};
		035D750B23FB208F003CC1C1 /* Build configuration list for PBXNativeTarget "assign1" */ = {
			isa = XCConfigurationList;
			buildConfigurations = (
				035D750C23FB208F003CC1C1 /* Debug */,
				035D750D23FB208F003CC1C1 /* Release */,
			);
			defaultConfigurationIsVisible = 0;
			defaultConfigurationName = Release;
		};
		035D750E23FB208F003CC1C1 /* Build configuration list for PBXNativeTarget "assign1Tests" */ = {
			isa = XCConfigurationList;
			buildConfigurations = (
				035D750F23FB208F003CC1C1 /* Debug */,
				035D751023FB208F003CC1C1 /* Release */,
			);
			defaultConfigurationIsVisible = 0;
			defaultConfigurationName = Release;
		};
/* End XCConfigurationList section */
	};
	rootObject = 035D74E423FB208F003CC1C1 /* Project object */;
}
